{
  "name": "abap2UI5",
  "version": "1.0.0",
  "lockfileVersion": 3,
  "requires": true,
  "packages": {
    "": {
      "name": "abap2UI5",
      "version": "1.0.0",
      "license": "MIT",
      "engines": {
        "node": ">=22"
      },
      "peerDependencies": {
        "openui5-dist": "1.113.0"
      },
      "peerDependenciesMeta": {
        "openui5-dist": {
          "optional": true
        }
      }
    }
  }
}
